
Microsoft Visual Studio Solution File, Format Version 12.00
# Visual Studio Version 16
VisualStudioVersion = 16.0.30320.27
MinimumVisualStudioVersion = 10.0.40219.1
Project("{9A19103F-16F7-4668-BE54-9A1E7A4F7556}") = "Calculatrice_Texte", "Calculatrice_Texte.csproj", "{3ACCA673-FD21-4872-AE04-031AA3965020}"
EndProject
Project("{9A19103F-16F7-4668-BE54-9A1E7A4F7556}") = "Calculatrice_Texte.Test", "..\CalculatorTest\Calculatrice_Texte.Test.csproj", "{DCD4F3C2-EC92-4562-8BEC-2202AFB2D498}"
EndProject
Global
	GlobalSection(SolutionConfigurationPlatforms) = preSolution
		Debug|Any CPU = Debug|Any CPU
		Release|Any CPU = Release|Any CPU
	EndGlobalSection
	GlobalSection(ProjectConfigurationPlatforms) = postSolution
		{3ACCA673-FD21-4872-AE04-031AA3965020}.Debug|Any CPU.ActiveCfg = Debug|Any CPU
		{3ACCA673-FD21-4872-AE04-031AA3965020}.Debug|Any CPU.Build.0 = Debug|Any CPU
		{3ACCA673-FD21-4872-AE04-031AA3965020}.Release|Any CPU.ActiveCfg = Release|Any CPU
		{3ACCA673-FD21-4872-AE04-031AA3965020}.Release|Any CPU.Build.0 = Release|Any CPU
		{DCD4F3C2-EC92-4562-8BEC-2202AFB2D498}.Debug|Any CPU.ActiveCfg = Debug|Any CPU
		{DCD4F3C2-EC92-4562-8BEC-2202AFB2D498}.Debug|Any CPU.Build.0 = Debug|Any CPU
		{DCD4F3C2-EC92-4562-8BEC-2202AFB2D498}.Release|Any CPU.ActiveCfg = Release|Any CPU
		{DCD4F3C2-EC92-4562-8BEC-2202AFB2D498}.Release|Any CPU.Build.0 = Release|Any CPU
	EndGlobalSection
	GlobalSection(SolutionProperties) = preSolution
		HideSolutionNode = FALSE
	EndGlobalSection
	GlobalSection(ExtensibilityGlobals) = postSolution
		SolutionGuid = {48D05592-59A0-4728-A25B-BC7EE038338A}
	EndGlobalSection
EndGlobal
